
Microsoft Visual Studio Solution File, Format Version 12.00
# Visual Studio 15
VisualStudioVersion = 15.0.27703.2026
MinimumVisualStudioVersion = 10.0.40219.1
Project("{2150E333-8FDC-42A3-9474-1A3956D46DE8}") = "Foundation", "Foundation", "{638E7276-F066-448D-8033-3A7836222C9D}"
EndProject
Project("{2150E333-8FDC-42A3-9474-1A3956D46DE8}") = "Feature", "Feature", "{6BEAE3B9-A139-43AC-8736-C1763D4FFBA2}"
EndProject
Project("{2150E333-8FDC-42A3-9474-1A3956D46DE8}") = "Project", "Project", "{005C3A9C-676C-4285-80A8-504F5EF42AE1}"
EndProject
Project("{2150E333-8FDC-42A3-9474-1A3956D46DE8}") = "Configuration", "Configuration", "{3DC06163-DAE5-4BDC-A645-9F9DCE3ABE79}"
	ProjectSection(SolutionItems) = preProject
		nuget.config = nuget.config
		publishsettings.targets = publishsettings.targets
	EndProjectSection
EndProject
Project("{FAE04EC0-301F-11D3-BF4B-00C04F79EFBC}") = "Sitecore.Versioning.Foundation.Serialization", "src\Foundation\Serialization\code\Sitecore.Versioning.Foundation.Serialization.csproj", "{79467BB7-C503-482D-AA57-8F345B3F6FC4}"
EndProject
Global
	GlobalSection(SolutionConfigurationPlatforms) = preSolution
		Debug|Any CPU = Debug|Any CPU
		Release|Any CPU = Release|Any CPU
	EndGlobalSection
	GlobalSection(ProjectConfigurationPlatforms) = postSolution
		{79467BB7-C503-482D-AA57-8F345B3F6FC4}.Debug|Any CPU.ActiveCfg = Debug|Any CPU
		{79467BB7-C503-482D-AA57-8F345B3F6FC4}.Debug|Any CPU.Build.0 = Debug|Any CPU
		{79467BB7-C503-482D-AA57-8F345B3F6FC4}.Release|Any CPU.ActiveCfg = Release|Any CPU
		{79467BB7-C503-482D-AA57-8F345B3F6FC4}.Release|Any CPU.Build.0 = Release|Any CPU
	EndGlobalSection
	GlobalSection(SolutionProperties) = preSolution
		HideSolutionNode = FALSE
	EndGlobalSection
	GlobalSection(NestedProjects) = preSolution
		{79467BB7-C503-482D-AA57-8F345B3F6FC4} = {638E7276-F066-448D-8033-3A7836222C9D}
	EndGlobalSection
	GlobalSection(ExtensibilityGlobals) = postSolution
		SolutionGuid = {448168B7-EE6C-453B-96F5-BF85FEB46596}
	EndGlobalSection
EndGlobal
